
Microsoft Visual Studio Solution File, Format Version 12.00
# Visual Studio Version 17
VisualStudioVersion = 17.2.32526.322
MinimumVisualStudioVersion = 10.0.40219.1
Project("{FAE04EC0-301F-11D3-BF4B-00C04F79EFBC}") = "FileSizeCreator", "FileSizeCreator\FileSizeCreator.csproj", "{4842D617-5A1A-4B44-BD0A-B94A1AACDD1D}"
EndProject
Global
	GlobalSection(SolutionConfigurationPlatforms) = preSolution
		Debug|Any CPU = Debug|Any CPU
		Release|Any CPU = Release|Any CPU
	EndGlobalSection
	GlobalSection(ProjectConfigurationPlatforms) = postSolution
		{4842D617-5A1A-4B44-BD0A-B94A1AACDD1D}.Debug|Any CPU.ActiveCfg = Debug|Any CPU
		{4842D617-5A1A-4B44-BD0A-B94A1AACDD1D}.Debug|Any CPU.Build.0 = Debug|Any CPU
		{4842D617-5A1A-4B44-BD0A-B94A1AACDD1D}.Release|Any CPU.ActiveCfg = Release|Any CPU
		{4842D617-5A1A-4B44-BD0A-B94A1AACDD1D}.Release|Any CPU.Build.0 = Release|Any CPU
	EndGlobalSection
	GlobalSection(SolutionProperties) = preSolution
		HideSolutionNode = FALSE
	EndGlobalSection
	GlobalSection(ExtensibilityGlobals) = postSolution
		SolutionGuid = {B20E541E-5A15-4500-9FB6-9FC1F3E3CDEE}
	EndGlobalSection
EndGlobal
